
Microsoft Visual Studio Solution File, Format Version 12.00
# Visual Studio 2017
Project("{FAE04EC0-301F-11D3-BF4B-00C04F79EFBC}") = "Battle_Board", "Battle_Board.csproj", "{F5AFA5CE-BA2D-1166-8F94-B6BDF40A71DD}"
EndProject
Global
	GlobalSection(SolutionConfigurationPlatforms) = preSolution
		Debug|Any CPU = Debug|Any CPU
		Release|Any CPU = Release|Any CPU
	EndGlobalSection
	GlobalSection(ProjectConfigurationPlatforms) = postSolution
		{F5AFA5CE-BA2D-1166-8F94-B6BDF40A71DD}.Debug|Any CPU.ActiveCfg = Debug|Any CPU
		{F5AFA5CE-BA2D-1166-8F94-B6BDF40A71DD}.Debug|Any CPU.Build.0 = Debug|Any CPU
		{F5AFA5CE-BA2D-1166-8F94-B6BDF40A71DD}.Release|Any CPU.ActiveCfg = Release|Any CPU
		{F5AFA5CE-BA2D-1166-8F94-B6BDF40A71DD}.Release|Any CPU.Build.0 = Release|Any CPU
	EndGlobalSection
	GlobalSection(SolutionProperties) = preSolution
		HideSolutionNode = FALSE
	EndGlobalSection
EndGlobal
